Microsoft Visual Studio Solution File, Format Version 12.00
# Visual Studio Version 17
VisualStudioVersion = 17.0.31903.59
MinimumVisualStudioVersion = 10.0.40219.1
Project("{FAE04EC0-301F-11D3-BF4B-00C04F79EFBC}") = "ArticleService", "src\ArticleService\ArticleService.csproj", "{A64D29AF-8AA8-4E73-B708-EDC3D143C2D0}"
EndProject
Global
	GlobalSection(SolutionConfigurationPlatforms) = preSolution
		Debug|Any CPU = Debug|Any CPU
		Release|Any CPU = Release|Any CPU
	EndGlobalSection
	GlobalSection(ProjectConfigurationPlatforms) = postSolution
		{A64D29AF-8AA8-4E73-B708-EDC3D143C2D0}.Debug|Any CPU.ActiveCfg = Debug|Any CPU
		{A64D29AF-8AA8-4E73-B708-EDC3D143C2D0}.Debug|Any CPU.Build.0 = Debug|Any CPU
		{A64D29AF-8AA8-4E73-B708-EDC3D143C2D0}.Release|Any CPU.ActiveCfg = Release|Any CPU
		{A64D29AF-8AA8-4E73-B708-EDC3D143C2D0}.Release|Any CPU.Build.0 = Release|Any CPU
	EndGlobalSection
EndGlobal
